<?xml version="1.0" encoding="UTF-8" standalone="yes" ?>
<CodeBlocks_project_file>
   <FileVersion major="1" minor="6" />
   <Project>
      <Option title="fDSST_gra" />
      <Option makefile_is_custom="1" />
      <Option compiler="gcc" />
      <Option virtualFolders="CMake Files\;CMake Files\..\;CMake Files\..\..\;CMake Files\..\..\..\;CMake Files\..\..\..\..\;CMake Files\..\..\..\..\usr\;CMake Files\..\..\..\..\usr\local\;CMake Files\..\..\..\..\usr\local\opencv340\;CMake Files\..\..\..\..\usr\local\opencv340\share\;CMake Files\..\..\..\..\usr\local\opencv340\share\OpenCV\;CMake Files\main\;" />
      <Build>
      <Target title="all">
         <Option working_dir="/home/ubutnu/codes/fDSST_gra/qt-build" />
         <Option type="4" />
         <MakeCommands>
            <Build command="/usr/bin/make -f &quot;/home/ubutnu/codes/fDSST_gra/qt-build/Makefile&quot;  VERBOSE=1 all" />
            <CompileFile command="/usr/bin/make -f &quot;/home/ubutnu/codes/fDSST_gra/qt-build/Makefile&quot;  VERBOSE=1 &quot;$file&quot;" />
            <Clean command="/usr/bin/make -f &quot;/home/ubutnu/codes/fDSST_gra/qt-build/Makefile&quot;  VERBOSE=1 clean" />
            <DistClean command="/usr/bin/make -f &quot;/home/ubutnu/codes/fDSST_gra/qt-build/Makefile&quot;  VERBOSE=1 clean" />
         </MakeCommands>
      </Target>
      <Target title="rebuild_cache">
         <Option working_dir="/home/ubutnu/codes/fDSST_gra/qt-build" />
         <Option type="4" />
         <MakeCommands>
            <Build command="/usr/bin/make -f &quot;/home/ubutnu/codes/fDSST_gra/qt-build/Makefile&quot;  VERBOSE=1 rebuild_cache" />
            <CompileFile command="/usr/bin/make -f &quot;/home/ubutnu/codes/fDSST_gra/qt-build/Makefile&quot;  VERBOSE=1 &quot;$file&quot;" />
            <Clean command="/usr/bin/make -f &quot;/home/ubutnu/codes/fDSST_gra/qt-build/Makefile&quot;  VERBOSE=1 clean" />
            <DistClean command="/usr/bin/make -f &quot;/home/ubutnu/codes/fDSST_gra/qt-build/Makefile&quot;  VERBOSE=1 clean" />
         </MakeCommands>
      </Target>
      <Target title="tracker">
         <Option output="/home/ubutnu/codes/fDSST_gra/qt-build/libtracker.a" prefix_auto="0" extension_auto="0" />
         <Option working_dir="/home/ubutnu/codes/fDSST_gra/qt-build" />
         <Option object_output="./" />
         <Option type="2" />
         <Option compiler="gcc" />
         <Compiler>
            <Add directory="/home/ubutnu/codes/fDSST_gra/include" />
            <Add directory="/usr/include" />
            <Add directory="/usr/include/c++/4.8" />
            <Add directory="/usr/include/c++/4.8/backward" />
            <Add directory="/usr/include/x86_64-linux-gnu" />
            <Add directory="/usr/include/x86_64-linux-gnu/c++/4.8" />
            <Add directory="/usr/lib/gcc/x86_64-linux-gnu/4.8/include" />
            <Add directory="/usr/lib/gcc/x86_64-linux-gnu/4.8/include-fixed" />
            <Add directory="/usr/local/include" />
            <Add directory="/usr/local/opencv340/include" />
            <Add directory="/usr/local/opencv340/include/opencv" />
         </Compiler>
         <MakeCommands>
            <Build command="/usr/bin/make -f &quot;/home/ubutnu/codes/fDSST_gra/qt-build/Makefile&quot;  VERBOSE=1 tracker" />
            <CompileFile command="/usr/bin/make -f &quot;/home/ubutnu/codes/fDSST_gra/qt-build/Makefile&quot;  VERBOSE=1 &quot;$file&quot;" />
            <Clean command="/usr/bin/make -f &quot;/home/ubutnu/codes/fDSST_gra/qt-build/Makefile&quot;  VERBOSE=1 clean" />
            <DistClean command="/usr/bin/make -f &quot;/home/ubutnu/codes/fDSST_gra/qt-build/Makefile&quot;  VERBOSE=1 clean" />
         </MakeCommands>
      </Target>
      <Target title="tracker/fast">
         <Option output="/home/ubutnu/codes/fDSST_gra/qt-build/libtracker.a" prefix_auto="0" extension_auto="0" />
         <Option working_dir="/home/ubutnu/codes/fDSST_gra/qt-build" />
         <Option object_output="./" />
         <Option type="2" />
         <Option compiler="gcc" />
         <Compiler>
            <Add directory="/home/ubutnu/codes/fDSST_gra/include" />
            <Add directory="/usr/include" />
            <Add directory="/usr/include/c++/4.8" />
            <Add directory="/usr/include/c++/4.8/backward" />
            <Add directory="/usr/include/x86_64-linux-gnu" />
            <Add directory="/usr/include/x86_64-linux-gnu/c++/4.8" />
            <Add directory="/usr/lib/gcc/x86_64-linux-gnu/4.8/include" />
            <Add directory="/usr/lib/gcc/x86_64-linux-gnu/4.8/include-fixed" />
            <Add directory="/usr/local/include" />
            <Add directory="/usr/local/opencv340/include" />
            <Add directory="/usr/local/opencv340/include/opencv" />
         </Compiler>
         <MakeCommands>
            <Build command="/usr/bin/make -f &quot;/home/ubutnu/codes/fDSST_gra/qt-build/Makefile&quot;  VERBOSE=1 tracker/fast" />
            <CompileFile command="/usr/bin/make -f &quot;/home/ubutnu/codes/fDSST_gra/qt-build/Makefile&quot;  VERBOSE=1 &quot;$file&quot;" />
            <Clean command="/usr/bin/make -f &quot;/home/ubutnu/codes/fDSST_gra/qt-build/Makefile&quot;  VERBOSE=1 clean" />
            <DistClean command="/usr/bin/make -f &quot;/home/ubutnu/codes/fDSST_gra/qt-build/Makefile&quot;  VERBOSE=1 clean" />
         </MakeCommands>
      </Target>
      <Target title="fDSST_gra">
         <Option output="/home/ubutnu/codes/fDSST_gra/qt-build/main/fDSST_gra" prefix_auto="0" extension_auto="0" />
         <Option working_dir="/home/ubutnu/codes/fDSST_gra/qt-build/main" />
         <Option object_output="./" />
         <Option type="1" />
         <Option compiler="gcc" />
         <Compiler>
            <Add directory="/home/ubutnu/codes/fDSST_gra/include" />
            <Add directory="/usr/include" />
            <Add directory="/usr/include/c++/4.8" />
            <Add directory="/usr/include/c++/4.8/backward" />
            <Add directory="/usr/include/x86_64-linux-gnu" />
            <Add directory="/usr/include/x86_64-linux-gnu/c++/4.8" />
            <Add directory="/usr/lib/gcc/x86_64-linux-gnu/4.8/include" />
            <Add directory="/usr/lib/gcc/x86_64-linux-gnu/4.8/include-fixed" />
            <Add directory="/usr/local/include" />
            <Add directory="/usr/local/opencv340/include" />
            <Add directory="/usr/local/opencv340/include/opencv" />
         </Compiler>
         <MakeCommands>
            <Build command="/usr/bin/make -f &quot;/home/ubutnu/codes/fDSST_gra/qt-build/main/Makefile&quot;  VERBOSE=1 fDSST_gra" />
            <CompileFile command="/usr/bin/make -f &quot;/home/ubutnu/codes/fDSST_gra/qt-build/main/Makefile&quot;  VERBOSE=1 &quot;$file&quot;" />
            <Clean command="/usr/bin/make -f &quot;/home/ubutnu/codes/fDSST_gra/qt-build/main/Makefile&quot;  VERBOSE=1 clean" />
            <DistClean command="/usr/bin/make -f &quot;/home/ubutnu/codes/fDSST_gra/qt-build/main/Makefile&quot;  VERBOSE=1 clean" />
         </MakeCommands>
      </Target>
      <Target title="fDSST_gra/fast">
         <Option output="/home/ubutnu/codes/fDSST_gra/qt-build/main/fDSST_gra" prefix_auto="0" extension_auto="0" />
         <Option working_dir="/home/ubutnu/codes/fDSST_gra/qt-build/main" />
         <Option object_output="./" />
         <Option type="1" />
         <Option compiler="gcc" />
         <Compiler>
            <Add directory="/home/ubutnu/codes/fDSST_gra/include" />
            <Add directory="/usr/include" />
            <Add directory="/usr/include/c++/4.8" />
            <Add directory="/usr/include/c++/4.8/backward" />
            <Add directory="/usr/include/x86_64-linux-gnu" />
            <Add directory="/usr/include/x86_64-linux-gnu/c++/4.8" />
            <Add directory="/usr/lib/gcc/x86_64-linux-gnu/4.8/include" />
            <Add directory="/usr/lib/gcc/x86_64-linux-gnu/4.8/include-fixed" />
            <Add directory="/usr/local/include" />
            <Add directory="/usr/local/opencv340/include" />
            <Add directory="/usr/local/opencv340/include/opencv" />
         </Compiler>
         <MakeCommands>
            <Build command="/usr/bin/make -f &quot;/home/ubutnu/codes/fDSST_gra/qt-build/main/Makefile&quot;  VERBOSE=1 fDSST_gra/fast" />
            <CompileFile command="/usr/bin/make -f &quot;/home/ubutnu/codes/fDSST_gra/qt-build/main/Makefile&quot;  VERBOSE=1 &quot;$file&quot;" />
            <Clean command="/usr/bin/make -f &quot;/home/ubutnu/codes/fDSST_gra/qt-build/main/Makefile&quot;  VERBOSE=1 clean" />
            <DistClean command="/usr/bin/make -f &quot;/home/ubutnu/codes/fDSST_gra/qt-build/main/Makefile&quot;  VERBOSE=1 clean" />
         </MakeCommands>
      </Target>
      </Build>
      <Unit filename="/home/ubutnu/codes/fDSST_gra/main/main.cpp">
      </Unit>
      <Unit filename="/home/ubutnu/codes/fDSST_gra/src/fhog.cpp">
      </Unit>
      <Unit filename="/home/ubutnu/codes/fDSST_gra/src/kcftracker.cpp">
      </Unit>
      <Unit filename="/home/ubutnu/codes/fDSST_gra/CMakeLists.txt">
          <Option virtualFolder="CMake Files\" />
      </Unit>
      <Unit filename="/home/ubutnu/codes/fDSST_gra/../../../../usr/local/opencv340/share/OpenCV/OpenCVConfig-version.cmake">
          <Option virtualFolder="CMake Files\..\..\..\..\usr\local\opencv340\share\OpenCV\" />
      </Unit>
      <Unit filename="/home/ubutnu/codes/fDSST_gra/../../../../usr/local/opencv340/share/OpenCV/OpenCVConfig.cmake">
          <Option virtualFolder="CMake Files\..\..\..\..\usr\local\opencv340\share\OpenCV\" />
      </Unit>
      <Unit filename="/home/ubutnu/codes/fDSST_gra/../../../../usr/local/opencv340/share/OpenCV/OpenCVModules.cmake">
          <Option virtualFolder="CMake Files\..\..\..\..\usr\local\opencv340\share\OpenCV\" />
      </Unit>
      <Unit filename="/home/ubutnu/codes/fDSST_gra/../../../../usr/local/opencv340/share/OpenCV/OpenCVModules-release.cmake">
          <Option virtualFolder="CMake Files\..\..\..\..\usr\local\opencv340\share\OpenCV\" />
      </Unit>
      <Unit filename="/home/ubutnu/codes/fDSST_gra/main/CMakeLists.txt">
          <Option virtualFolder="CMake Files\main\" />
      </Unit>
   </Project>
</CodeBlocks_project_file>
